<Solution>
  <Folder Name="/src/">
    <Project Path="src/NovelGeneratePlugin.Plugin/NovelGeneratePlugin.Plugin.csproj" />
    <Project Path="src/NovelGeneratePlugin.Standalone/NovelGeneratePlugin.Standalone.csproj" />
  </Folder>
  <Folder Name="/tests/">
    <Project Path="tests/NovelGeneratePlugin.Tests/NovelGeneratePlugin.Tests.csproj" />
  </Folder>
</Solution>
